
Microsoft Visual Studio Solution File, Format Version 12.00
# Visual Studio Version 16
VisualStudioVersion = 16.0.31829.152
MinimumVisualStudioVersion = 10.0.40219.1
Project("{FAE04EC0-301F-11D3-BF4B-00C04F79EFBC}") = "BackendProject", "BackendProject\BackendProject.csproj", "{30F2F625-5863-4D3F-BB90-30DED3EDB78A}"
EndProject
Global
	GlobalSection(SolutionConfigurationPlatforms) = preSolution
		Debug|Any CPU = Debug|Any CPU
		Release|Any CPU = Release|Any CPU
	EndGlobalSection
	GlobalSection(ProjectConfigurationPlatforms) = postSolution
		{30F2F625-5863-4D3F-BB90-30DED3EDB78A}.Debug|Any CPU.ActiveCfg = Debug|Any CPU
		{30F2F625-5863-4D3F-BB90-30DED3EDB78A}.Debug|Any CPU.Build.0 = Debug|Any CPU
		{30F2F625-5863-4D3F-BB90-30DED3EDB78A}.Release|Any CPU.ActiveCfg = Release|Any CPU
		{30F2F625-5863-4D3F-BB90-30DED3EDB78A}.Release|Any CPU.Build.0 = Release|Any CPU
	EndGlobalSection
	GlobalSection(SolutionProperties) = preSolution
		HideSolutionNode = FALSE
	EndGlobalSection
	GlobalSection(ExtensibilityGlobals) = postSolution
		SolutionGuid = {054145E2-ADC1-4EE7-B7E6-C89CC2DBB733}
	EndGlobalSection
EndGlobal
